
Microsoft Visual Studio Solution File, Format Version 12.00
# Visual Studio Version 16
VisualStudioVersion = 16.0.30114.105
MinimumVisualStudioVersion = 10.0.40219.1
Project("{FAE04EC0-301F-11D3-BF4B-00C04F79EFBC}") = "API", "api\API.csproj", "{5971BC51-D934-4B50-9C35-741CFDECFD2C}"
EndProject
Project("{FAE04EC0-301F-11D3-BF4B-00C04F79EFBC}") = "Core", "Core\Core.csproj", "{281CE216-F904-4DDE-92DB-F8AE9AA47293}"
EndProject
Project("{FAE04EC0-301F-11D3-BF4B-00C04F79EFBC}") = "Infrastructure", "Infrastructure\Infrastructure.csproj", "{788AF22E-81DF-4633-BDA6-0DA4D8C45D67}"
EndProject
Global
	GlobalSection(SolutionConfigurationPlatforms) = preSolution
		Debug|Any CPU = Debug|Any CPU
		Debug|x64 = Debug|x64
		Debug|x86 = Debug|x86
		Release|Any CPU = Release|Any CPU
		Release|x64 = Release|x64
		Release|x86 = Release|x86
	EndGlobalSection
	GlobalSection(SolutionProperties) = preSolution
		HideSolutionNode = FALSE
	EndGlobalSection
	GlobalSection(ProjectConfigurationPlatforms) = postSolution
		{5971BC51-D934-4B50-9C35-741CFDECFD2C}.Debug|Any CPU.ActiveCfg = Debug|Any CPU
		{5971BC51-D934-4B50-9C35-741CFDECFD2C}.Debug|Any CPU.Build.0 = Debug|Any CPU
		{5971BC51-D934-4B50-9C35-741CFDECFD2C}.Debug|x64.ActiveCfg = Debug|Any CPU
		{5971BC51-D934-4B50-9C35-741CFDECFD2C}.Debug|x64.Build.0 = Debug|Any CPU
		{5971BC51-D934-4B50-9C35-741CFDECFD2C}.Debug|x86.ActiveCfg = Debug|Any CPU
		{5971BC51-D934-4B50-9C35-741CFDECFD2C}.Debug|x86.Build.0 = Debug|Any CPU
		{5971BC51-D934-4B50-9C35-741CFDECFD2C}.Release|Any CPU.ActiveCfg = Release|Any CPU
		{5971BC51-D934-4B50-9C35-741CFDECFD2C}.Release|Any CPU.Build.0 = Release|Any CPU
		{5971BC51-D934-4B50-9C35-741CFDECFD2C}.Release|x64.ActiveCfg = Release|Any CPU
		{5971BC51-D934-4B50-9C35-741CFDECFD2C}.Release|x64.Build.0 = Release|Any CPU
		{5971BC51-D934-4B50-9C35-741CFDECFD2C}.Release|x86.ActiveCfg = Release|Any CPU
		{5971BC51-D934-4B50-9C35-741CFDECFD2C}.Release|x86.Build.0 = Release|Any CPU
		{281CE216-F904-4DDE-92DB-F8AE9AA47293}.Debug|Any CPU.ActiveCfg = Debug|Any CPU
		{281CE216-F904-4DDE-92DB-F8AE9AA47293}.Debug|Any CPU.Build.0 = Debug|Any CPU
		{281CE216-F904-4DDE-92DB-F8AE9AA47293}.Debug|x64.ActiveCfg = Debug|Any CPU
		{281CE216-F904-4DDE-92DB-F8AE9AA47293}.Debug|x64.Build.0 = Debug|Any CPU
		{281CE216-F904-4DDE-92DB-F8AE9AA47293}.Debug|x86.ActiveCfg = Debug|Any CPU
		{281CE216-F904-4DDE-92DB-F8AE9AA47293}.Debug|x86.Build.0 = Debug|Any CPU
		{281CE216-F904-4DDE-92DB-F8AE9AA47293}.Release|Any CPU.ActiveCfg = Release|Any CPU
		{281CE216-F904-4DDE-92DB-F8AE9AA47293}.Release|Any CPU.Build.0 = Release|Any CPU
		{281CE216-F904-4DDE-92DB-F8AE9AA47293}.Release|x64.ActiveCfg = Release|Any CPU
		{281CE216-F904-4DDE-92DB-F8AE9AA47293}.Release|x64.Build.0 = Release|Any CPU
		{281CE216-F904-4DDE-92DB-F8AE9AA47293}.Release|x86.ActiveCfg = Release|Any CPU
		{281CE216-F904-4DDE-92DB-F8AE9AA47293}.Release|x86.Build.0 = Release|Any CPU
		{788AF22E-81DF-4633-BDA6-0DA4D8C45D67}.Debug|Any CPU.ActiveCfg = Debug|Any CPU
		{788AF22E-81DF-4633-BDA6-0DA4D8C45D67}.Debug|Any CPU.Build.0 = Debug|Any CPU
		{788AF22E-81DF-4633-BDA6-0DA4D8C45D67}.Debug|x64.ActiveCfg = Debug|Any CPU
		{788AF22E-81DF-4633-BDA6-0DA4D8C45D67}.Debug|x64.Build.0 = Debug|Any CPU
		{788AF22E-81DF-4633-BDA6-0DA4D8C45D67}.Debug|x86.ActiveCfg = Debug|Any CPU
		{788AF22E-81DF-4633-BDA6-0DA4D8C45D67}.Debug|x86.Build.0 = Debug|Any CPU
		{788AF22E-81DF-4633-BDA6-0DA4D8C45D67}.Release|Any CPU.ActiveCfg = Release|Any CPU
		{788AF22E-81DF-4633-BDA6-0DA4D8C45D67}.Release|Any CPU.Build.0 = Release|Any CPU
		{788AF22E-81DF-4633-BDA6-0DA4D8C45D67}.Release|x64.ActiveCfg = Release|Any CPU
		{788AF22E-81DF-4633-BDA6-0DA4D8C45D67}.Release|x64.Build.0 = Release|Any CPU
		{788AF22E-81DF-4633-BDA6-0DA4D8C45D67}.Release|x86.ActiveCfg = Release|Any CPU
		{788AF22E-81DF-4633-BDA6-0DA4D8C45D67}.Release|x86.Build.0 = Release|Any CPU
	EndGlobalSection
EndGlobal
